{
  "name": "slimweb-mcp",
  "version": "0.1.0",
  "lockfileVersion": 3,
  "requires": true,
  "packages": {
    "": {
      "name": "slimweb-mcp",
      "version": "0.1.0",
      "dependencies": {
        "@slimweb/mcp-core": "github:ericchen1972/SlimWeb-MCP-Core#v0.1.3"
      },
      "engines": {
        "node": ">=20"
      }
    },
    "node_modules/@slimweb/mcp-core": {
      "version": "0.1.3",
      "resolved": "git+ssh://git@github.com/ericchen1972/SlimWeb-MCP-Core.git#4329023a65be632e4404d8b904e912e9415cdfd6",
      "license": "MIT",
      "engines": {
        "node": ">=20"
      }
    }
  }
}
